
Microsoft Visual Studio Solution File, Format Version 12.00
# Visual Studio Version 17
VisualStudioVersion = 17.0.31903.59
MinimumVisualStudioVersion = 10.0.40219.1
Project("{9A19103F-16F7-4668-BE54-9A1E7A4F7556}") = "PainDropSimulation", "PainDropSimulation\PainDropSimulation.csproj", "{B2122535-B3F5-4C6E-AB8F-697A3A9CD702}"
EndProject
Project("{9A19103F-16F7-4668-BE54-9A1E7A4F7556}") = "DrawingLibrary", "DrawingLibrary\DrawingLibrary.csproj", "{6FB1E822-1960-421B-8A6E-4231B25B9AEF}"
EndProject
Project("{9A19103F-16F7-4668-BE54-9A1E7A4F7556}") = "ShapeLibrary", "ShapeLibrary\ShapeLibrary.csproj", "{CCEA8892-B138-400A-AE93-8F7FF8234A27}"
EndProject
Project("{9A19103F-16F7-4668-BE54-9A1E7A4F7556}") = "ShapeLibraryTest", "ShapeLibraryTest\ShapeLibraryTest.csproj", "{3C3F4909-D186-4F07-97FD-F0D393302EBF}"
EndProject
Global
	GlobalSection(SolutionConfigurationPlatforms) = preSolution
		Debug|Any CPU = Debug|Any CPU
		Release|Any CPU = Release|Any CPU
	EndGlobalSection
	GlobalSection(ProjectConfigurationPlatforms) = postSolution
		{B2122535-B3F5-4C6E-AB8F-697A3A9CD702}.Debug|Any CPU.ActiveCfg = Debug|Any CPU
		{B2122535-B3F5-4C6E-AB8F-697A3A9CD702}.Debug|Any CPU.Build.0 = Debug|Any CPU
		{B2122535-B3F5-4C6E-AB8F-697A3A9CD702}.Release|Any CPU.ActiveCfg = Release|Any CPU
		{B2122535-B3F5-4C6E-AB8F-697A3A9CD702}.Release|Any CPU.Build.0 = Release|Any CPU
		{6FB1E822-1960-421B-8A6E-4231B25B9AEF}.Debug|Any CPU.ActiveCfg = Debug|Any CPU
		{6FB1E822-1960-421B-8A6E-4231B25B9AEF}.Debug|Any CPU.Build.0 = Debug|Any CPU
		{6FB1E822-1960-421B-8A6E-4231B25B9AEF}.Release|Any CPU.ActiveCfg = Release|Any CPU
		{6FB1E822-1960-421B-8A6E-4231B25B9AEF}.Release|Any CPU.Build.0 = Release|Any CPU
		{CCEA8892-B138-400A-AE93-8F7FF8234A27}.Debug|Any CPU.ActiveCfg = Debug|Any CPU
		{CCEA8892-B138-400A-AE93-8F7FF8234A27}.Debug|Any CPU.Build.0 = Debug|Any CPU
		{CCEA8892-B138-400A-AE93-8F7FF8234A27}.Release|Any CPU.ActiveCfg = Release|Any CPU
		{CCEA8892-B138-400A-AE93-8F7FF8234A27}.Release|Any CPU.Build.0 = Release|Any CPU
		{3C3F4909-D186-4F07-97FD-F0D393302EBF}.Debug|Any CPU.ActiveCfg = Debug|Any CPU
		{3C3F4909-D186-4F07-97FD-F0D393302EBF}.Debug|Any CPU.Build.0 = Debug|Any CPU
		{3C3F4909-D186-4F07-97FD-F0D393302EBF}.Release|Any CPU.ActiveCfg = Release|Any CPU
		{3C3F4909-D186-4F07-97FD-F0D393302EBF}.Release|Any CPU.Build.0 = Release|Any CPU
	EndGlobalSection
	GlobalSection(SolutionProperties) = preSolution
		HideSolutionNode = FALSE
	EndGlobalSection
EndGlobal
